{
  "name": "cookbook-search-tests",
  "version": "1.0.0",
  "lockfileVersion": 3,
  "requires": true,
  "packages": {
    "": {
      "name": "cookbook-search-tests",
      "version": "1.0.0",
      "devDependencies": {
        "fuse.js": "3.2.0"
      },
      "engines": {
        "node": ">=14.0.0"
      }
    },
    "node_modules/fuse.js": {
      "version": "3.2.0",
      "resolved": "https://registry.npmjs.org/fuse.js/-/fuse.js-3.2.0.tgz",
      "integrity": "sha512-O8mY3s0TfN0l2ZCj8x4NxU2cEFTDHPuCXfTOsL+JwHvd+4MWEUFN06vckCKqCIWKRk47H3WyCdGQGqYgtMNutQ==",
      "dev": true,
      "license": "Apache"
    }
  }
}
